<Solution>
  <Project Path="bankoftrinh.client/bankoftrinh.client.esproj">
    <Build />
    <Deploy />
  </Project>
  <Project Path="BankOfTrinh.Ledger.Tests/BankOfTrinh.Ledger.Tests.csproj" />
  <Project Path="BankOfTrinh.Ledger/BankOfTrinh.Ledger.csproj" />
  <Project Path="BankOfTrinh.Server.Tests/BankOfTrinh.Server.Tests.csproj" />
  <Project Path="BankOfTrinh.Server/BankOfTrinh.Server.csproj" />
</Solution>
